
Microsoft Visual Studio Solution File, Format Version 12.00
# Visual Studio Version 16
VisualStudioVersion = 16.0.31515.178
MinimumVisualStudioVersion = 10.0.40219.1
Project("{9A19103F-16F7-4668-BE54-9A1E7A4F7556}") = "UserMaintenance", "UserMaintenance\UserMaintenance.csproj", "{9D7A5D1A-57B5-47B0-A4CC-6A864A54758E}"
EndProject
Project("{FAE04EC0-301F-11D3-BF4B-00C04F79EFBC}") = "ExcelExport", "ExcelExport\ExcelExport.csproj", "{3C2852C3-D205-4F90-BF64-4127AA325536}"
EndProject
Global
	GlobalSection(SolutionConfigurationPlatforms) = preSolution
		Debug|Any CPU = Debug|Any CPU
		Release|Any CPU = Release|Any CPU
	EndGlobalSection
	GlobalSection(ProjectConfigurationPlatforms) = postSolution
		{9D7A5D1A-57B5-47B0-A4CC-6A864A54758E}.Debug|Any CPU.ActiveCfg = Debug|Any CPU
		{9D7A5D1A-57B5-47B0-A4CC-6A864A54758E}.Debug|Any CPU.Build.0 = Debug|Any CPU
		{9D7A5D1A-57B5-47B0-A4CC-6A864A54758E}.Release|Any CPU.ActiveCfg = Release|Any CPU
		{9D7A5D1A-57B5-47B0-A4CC-6A864A54758E}.Release|Any CPU.Build.0 = Release|Any CPU
		{3C2852C3-D205-4F90-BF64-4127AA325536}.Debug|Any CPU.ActiveCfg = Debug|Any CPU
		{3C2852C3-D205-4F90-BF64-4127AA325536}.Debug|Any CPU.Build.0 = Debug|Any CPU
		{3C2852C3-D205-4F90-BF64-4127AA325536}.Release|Any CPU.ActiveCfg = Release|Any CPU
		{3C2852C3-D205-4F90-BF64-4127AA325536}.Release|Any CPU.Build.0 = Release|Any CPU
	EndGlobalSection
	GlobalSection(SolutionProperties) = preSolution
		HideSolutionNode = FALSE
	EndGlobalSection
	GlobalSection(ExtensibilityGlobals) = postSolution
		SolutionGuid = {4E44BDCA-5F9E-43FB-9B4C-EA7074596354}
	EndGlobalSection
EndGlobal
